
Microsoft Visual Studio Solution File, Format Version 12.00
# Visual Studio Version 17
VisualStudioVersion = 17.13.35806.99
MinimumVisualStudioVersion = 10.0.40219.1
Project("{FAE04EC0-301F-11D3-BF4B-00C04F79EFBC}") = "TESTSETUP", "TESTSETUP\TESTSETUP.csproj", "{C20953CF-DDA7-4240-B5A9-41A54E490CD6}"
EndProject
Project("{54435603-DBB4-11D2-8724-00A0C9A8B90C}") = "Setup for Test", "Setup for Test\Setup for Test.vdproj", "{4000A62A-7E15-3258-F2AC-65DEFED93CAC}"
EndProject
Global
	GlobalSection(SolutionConfigurationPlatforms) = preSolution
		Debug|Any CPU = Debug|Any CPU
		Release|Any CPU = Release|Any CPU
	EndGlobalSection
	GlobalSection(ProjectConfigurationPlatforms) = postSolution
		{C20953CF-DDA7-4240-B5A9-41A54E490CD6}.Debug|Any CPU.ActiveCfg = Debug|Any CPU
		{C20953CF-DDA7-4240-B5A9-41A54E490CD6}.Debug|Any CPU.Build.0 = Debug|Any CPU
		{C20953CF-DDA7-4240-B5A9-41A54E490CD6}.Release|Any CPU.ActiveCfg = Release|Any CPU
		{C20953CF-DDA7-4240-B5A9-41A54E490CD6}.Release|Any CPU.Build.0 = Release|Any CPU
		{4000A62A-7E15-3258-F2AC-65DEFED93CAC}.Debug|Any CPU.ActiveCfg = Debug
		{4000A62A-7E15-3258-F2AC-65DEFED93CAC}.Release|Any CPU.ActiveCfg = Release
	EndGlobalSection
	GlobalSection(SolutionProperties) = preSolution
		HideSolutionNode = FALSE
	EndGlobalSection
	GlobalSection(ExtensibilityGlobals) = postSolution
		SolutionGuid = {5F5AB875-F168-4986-8191-07FA73D5C021}
	EndGlobalSection
EndGlobal
